
Microsoft Visual Studio Solution File, Format Version 12.00
# Visual Studio Version 16
VisualStudioVersion = 16.0.29123.88
MinimumVisualStudioVersion = 10.0.40219.1
Project("{FAE04EC0-301F-11D3-BF4B-00C04F79EFBC}") = "TechStore", "TechStore\TechStore.csproj", "{C5B06214-B356-4D42-8DF6-7388CA701710}"
EndProject
Global
	GlobalSection(SolutionConfigurationPlatforms) = preSolution
		Debug|Any CPU = Debug|Any CPU
		Release|Any CPU = Release|Any CPU
	EndGlobalSection
	GlobalSection(ProjectConfigurationPlatforms) = postSolution
		{C5B06214-B356-4D42-8DF6-7388CA701710}.Debug|Any CPU.ActiveCfg = Debug|Any CPU
		{C5B06214-B356-4D42-8DF6-7388CA701710}.Debug|Any CPU.Build.0 = Debug|Any CPU
		{C5B06214-B356-4D42-8DF6-7388CA701710}.Release|Any CPU.ActiveCfg = Release|Any CPU
		{C5B06214-B356-4D42-8DF6-7388CA701710}.Release|Any CPU.Build.0 = Release|Any CPU
	EndGlobalSection
	GlobalSection(SolutionProperties) = preSolution
		HideSolutionNode = FALSE
	EndGlobalSection
	GlobalSection(ExtensibilityGlobals) = postSolution
		SolutionGuid = {2B2E6C48-1BCF-4B35-9A7C-D00E98EFF1E9}
	EndGlobalSection
EndGlobal
